
Microsoft Visual Studio Solution File, Format Version 12.00
# Visual Studio 15
VisualStudioVersion = 15.0.26430.16
MinimumVisualStudioVersion = 10.0.40219.1
Project("{FAE04EC0-301F-11D3-BF4B-00C04F79EFBC}") = "Prices Paid WPF", "Prices Paid WPF\Prices Paid WPF.csproj", "{1B5BA161-3780-456D-8EB3-472E3658914B}"
EndProject
Global
	GlobalSection(SolutionConfigurationPlatforms) = preSolution
		Debug|Any CPU = Debug|Any CPU
		Release|Any CPU = Release|Any CPU
	EndGlobalSection
	GlobalSection(ProjectConfigurationPlatforms) = postSolution
		{1B5BA161-3780-456D-8EB3-472E3658914B}.Debug|Any CPU.ActiveCfg = Debug|Any CPU
		{1B5BA161-3780-456D-8EB3-472E3658914B}.Debug|Any CPU.Build.0 = Debug|Any CPU
		{1B5BA161-3780-456D-8EB3-472E3658914B}.Release|Any CPU.ActiveCfg = Release|Any CPU
		{1B5BA161-3780-456D-8EB3-472E3658914B}.Release|Any CPU.Build.0 = Release|Any CPU
	EndGlobalSection
	GlobalSection(SolutionProperties) = preSolution
		HideSolutionNode = FALSE
	EndGlobalSection
EndGlobal
